
Microsoft Visual Studio Solution File, Format Version 12.00
Project("{FAE04EC0-301F-11D3-BF4B-00C04F79EFBC}") = "core", "core\core.csproj", "{4DC6ED11-400B-4A49-97D1-7649D4DF0889}"
EndProject
Global
	GlobalSection(SolutionConfigurationPlatforms) = preSolution
		Debug|Any CPU = Debug|Any CPU
		Release|Any CPU = Release|Any CPU
	EndGlobalSection
	GlobalSection(ProjectConfigurationPlatforms) = postSolution
		{4DC6ED11-400B-4A49-97D1-7649D4DF0889}.Debug|Any CPU.ActiveCfg = Debug|Any CPU
		{4DC6ED11-400B-4A49-97D1-7649D4DF0889}.Debug|Any CPU.Build.0 = Debug|Any CPU
		{4DC6ED11-400B-4A49-97D1-7649D4DF0889}.Release|Any CPU.ActiveCfg = Release|Any CPU
		{4DC6ED11-400B-4A49-97D1-7649D4DF0889}.Release|Any CPU.Build.0 = Release|Any CPU
	EndGlobalSection
EndGlobal
